
Microsoft Visual Studio Solution File, Format Version 12.00
# Visual Studio Version 17
VisualStudioVersion = 17.7.34031.279
MinimumVisualStudioVersion = 10.0.40219.1
Project("{2150E333-8FDC-42A3-9474-1A3956D46DE8}") = "Solution Items", "Solution Items", "{6C1F1956-0636-457A-8398-FBF8FEBC7E9C}"
	ProjectSection(SolutionItems) = preProject
		regForm.html = regForm.html
		table.html = table.html
	EndProjectSection
EndProject
Global
	GlobalSection(SolutionProperties) = preSolution
		HideSolutionNode = FALSE
	EndGlobalSection
	GlobalSection(ExtensibilityGlobals) = postSolution
		SolutionGuid = {59960BF0-DDD8-44CC-A847-C3975F00235F}
	EndGlobalSection
EndGlobal
